{
	"requires": true,
	"lockfileVersion": 1,
	"dependencies": {
		"bs-platform": {
			"version": "8.3.1",
			"resolved": "https://registry.npmjs.org/bs-platform/-/bs-platform-8.3.1.tgz",
			"integrity": "sha512-U7nKEGF1BfvODzcv1g2loeltE8YRCgX8mMlCojImsgI0HwfQKEq7ggO5dF1ae9ZfFxiLaI0069ZyoK5GLBO2OQ=="
		},
		"reason-react": {
			"version": "0.9.1",
			"resolved": "https://registry.npmjs.org/reason-react/-/reason-react-0.9.1.tgz",
			"integrity": "sha512-nlH0O2TDy9KzOLOW+vlEQk4ExHOeciyzFdoLcsmmiit6hx6H5+CVDrwJ+8aiaLT/kqK5xFOjy4PS7PftWz4plA=="
		},
		"reason-react-native": {
			"version": "0.62.3",
			"resolved": "https://registry.npmjs.org/reason-react-native/-/reason-react-native-0.62.3.tgz",
			"integrity": "sha512-PA//0AZVVEB8iJKjYxOoFarXrMhhr7H++k9n7SmwVNy+XeUtwCiTIytqi29dCILtfNieHfT7+WTPpEzg2koOBg=="
		}
	}
}
